
Microsoft Visual Studio Solution File, Format Version 12.00
# Visual Studio Version 16
VisualStudioVersion = 16.0.31515.178
MinimumVisualStudioVersion = 10.0.40219.1
Project("{9A19103F-16F7-4668-BE54-9A1E7A4F7556}") = "WEBAPI_FlightExample", "WEBAPI_FlightExample\WEBAPI_FlightExample.csproj", "{93E3321C-2D7B-417F-BA45-6BF386A24122}"
EndProject
Project("{9A19103F-16F7-4668-BE54-9A1E7A4F7556}") = "MVC_Consume_FlightWebPI", "..\MVC_Consume_FlightWebPI\MVC_Consume_FlightWebPI\MVC_Consume_FlightWebPI.csproj", "{9C24CDCF-D5EC-4FD7-8691-DD22F9768D31}"
EndProject
Global
	GlobalSection(SolutionConfigurationPlatforms) = preSolution
		Debug|Any CPU = Debug|Any CPU
		Release|Any CPU = Release|Any CPU
	EndGlobalSection
	GlobalSection(ProjectConfigurationPlatforms) = postSolution
		{93E3321C-2D7B-417F-BA45-6BF386A24122}.Debug|Any CPU.ActiveCfg = Debug|Any CPU
		{93E3321C-2D7B-417F-BA45-6BF386A24122}.Debug|Any CPU.Build.0 = Debug|Any CPU
		{93E3321C-2D7B-417F-BA45-6BF386A24122}.Release|Any CPU.ActiveCfg = Release|Any CPU
		{93E3321C-2D7B-417F-BA45-6BF386A24122}.Release|Any CPU.Build.0 = Release|Any CPU
		{9C24CDCF-D5EC-4FD7-8691-DD22F9768D31}.Debug|Any CPU.ActiveCfg = Debug|Any CPU
		{9C24CDCF-D5EC-4FD7-8691-DD22F9768D31}.Debug|Any CPU.Build.0 = Debug|Any CPU
		{9C24CDCF-D5EC-4FD7-8691-DD22F9768D31}.Release|Any CPU.ActiveCfg = Release|Any CPU
		{9C24CDCF-D5EC-4FD7-8691-DD22F9768D31}.Release|Any CPU.Build.0 = Release|Any CPU
	EndGlobalSection
	GlobalSection(SolutionProperties) = preSolution
		HideSolutionNode = FALSE
	EndGlobalSection
	GlobalSection(ExtensibilityGlobals) = postSolution
		SolutionGuid = {136D5F19-AEA1-49E3-8F8C-EB6A4AD414CB}
	EndGlobalSection
EndGlobal
