
Microsoft Visual Studio Solution File, Format Version 12.00
# Visual Studio Version 17
VisualStudioVersion = 17.8.34330.188
MinimumVisualStudioVersion = 10.0.40219.1
Project("{FAE04EC0-301F-11D3-BF4B-00C04F79EFBC}") = "JWT_Token_WebAPI8", "JWT_Token_WebAPI8.csproj", "{BBD6FDDC-0267-4F70-BD66-91B421AB87D3}"
EndProject
Global
	GlobalSection(SolutionConfigurationPlatforms) = preSolution
		Debug|Any CPU = Debug|Any CPU
		Release|Any CPU = Release|Any CPU
	EndGlobalSection
	GlobalSection(ProjectConfigurationPlatforms) = postSolution
		{BBD6FDDC-0267-4F70-BD66-91B421AB87D3}.Debug|Any CPU.ActiveCfg = Debug|Any CPU
		{BBD6FDDC-0267-4F70-BD66-91B421AB87D3}.Debug|Any CPU.Build.0 = Debug|Any CPU
		{BBD6FDDC-0267-4F70-BD66-91B421AB87D3}.Release|Any CPU.ActiveCfg = Release|Any CPU
		{BBD6FDDC-0267-4F70-BD66-91B421AB87D3}.Release|Any CPU.Build.0 = Release|Any CPU
	EndGlobalSection
	GlobalSection(SolutionProperties) = preSolution
		HideSolutionNode = FALSE
	EndGlobalSection
	GlobalSection(ExtensibilityGlobals) = postSolution
		SolutionGuid = {1BE82348-D37F-4E48-BBE8-663C80170FBA}
	EndGlobalSection
EndGlobal
