
Microsoft Visual Studio Solution File, Format Version 12.00
# Visual Studio Version 17
VisualStudioVersion = 17.8.34330.188
MinimumVisualStudioVersion = 10.0.40219.1
Project("{FAE04EC0-301F-11D3-BF4B-00C04F79EFBC}") = "WebAPI_Identity_Patrik", "WebAPI_Identity_Patrik.csproj", "{9FDB1397-67D9-49DF-9E5B-98FFEC6AF3F0}"
EndProject
Global
	GlobalSection(SolutionConfigurationPlatforms) = preSolution
		Debug|Any CPU = Debug|Any CPU
		Release|Any CPU = Release|Any CPU
	EndGlobalSection
	GlobalSection(ProjectConfigurationPlatforms) = postSolution
		{9FDB1397-67D9-49DF-9E5B-98FFEC6AF3F0}.Debug|Any CPU.ActiveCfg = Debug|Any CPU
		{9FDB1397-67D9-49DF-9E5B-98FFEC6AF3F0}.Debug|Any CPU.Build.0 = Debug|Any CPU
		{9FDB1397-67D9-49DF-9E5B-98FFEC6AF3F0}.Release|Any CPU.ActiveCfg = Release|Any CPU
		{9FDB1397-67D9-49DF-9E5B-98FFEC6AF3F0}.Release|Any CPU.Build.0 = Release|Any CPU
	EndGlobalSection
	GlobalSection(SolutionProperties) = preSolution
		HideSolutionNode = FALSE
	EndGlobalSection
	GlobalSection(ExtensibilityGlobals) = postSolution
		SolutionGuid = {6E238A2B-4949-4E1D-A385-4D976318836E}
	EndGlobalSection
EndGlobal
