
Microsoft Visual Studio Solution File, Format Version 12.00
# Visual Studio Version 17
VisualStudioVersion = 17.0.31903.59
MinimumVisualStudioVersion = 10.0.40219.1
Project("{FAE04EC0-301F-11D3-BF4B-00C04F79EFBC}") = "dotnetapp", "dotnetapp.csproj", "{8A217200-3D52-44D2-B143-0A3266B1D483}"
EndProject
Project("{FAE04EC0-301F-11D3-BF4B-00C04F79EFBC}") = "TestProject", "TestProject\TestProject.csproj", "{585B4D79-B541-41F2-ADEA-47B6C2D13E41}"
EndProject
Global
	GlobalSection(SolutionConfigurationPlatforms) = preSolution
		Debug|Any CPU = Debug|Any CPU
		Release|Any CPU = Release|Any CPU
	EndGlobalSection
	GlobalSection(SolutionProperties) = preSolution
		HideSolutionNode = FALSE
	EndGlobalSection
	GlobalSection(ProjectConfigurationPlatforms) = postSolution
		{8A217200-3D52-44D2-B143-0A3266B1D483}.Debug|Any CPU.ActiveCfg = Debug|Any CPU
		{8A217200-3D52-44D2-B143-0A3266B1D483}.Debug|Any CPU.Build.0 = Debug|Any CPU
		{8A217200-3D52-44D2-B143-0A3266B1D483}.Release|Any CPU.ActiveCfg = Release|Any CPU
		{8A217200-3D52-44D2-B143-0A3266B1D483}.Release|Any CPU.Build.0 = Release|Any CPU
		{585B4D79-B541-41F2-ADEA-47B6C2D13E41}.Debug|Any CPU.ActiveCfg = Debug|Any CPU
		{585B4D79-B541-41F2-ADEA-47B6C2D13E41}.Debug|Any CPU.Build.0 = Debug|Any CPU
		{585B4D79-B541-41F2-ADEA-47B6C2D13E41}.Release|Any CPU.ActiveCfg = Release|Any CPU
		{585B4D79-B541-41F2-ADEA-47B6C2D13E41}.Release|Any CPU.Build.0 = Release|Any CPU
	EndGlobalSection
EndGlobal