
Microsoft Visual Studio Solution File, Format Version 12.00
# Visual Studio Version 16
VisualStudioVersion = 16.0.32228.343
MinimumVisualStudioVersion = 10.0.40219.1
Project("{FAE04EC0-301F-11D3-BF4B-00C04F79EFBC}") = "MYMVC_ViewModelDemo", "MYMVC_ViewModelDemo\MYMVC_ViewModelDemo.csproj", "{DF30301E-CB86-4CB8-8097-5EE686104F44}"
EndProject
Global
	GlobalSection(SolutionConfigurationPlatforms) = preSolution
		Debug|Any CPU = Debug|Any CPU
		Release|Any CPU = Release|Any CPU
	EndGlobalSection
	GlobalSection(ProjectConfigurationPlatforms) = postSolution
		{DF30301E-CB86-4CB8-8097-5EE686104F44}.Debug|Any CPU.ActiveCfg = Debug|Any CPU
		{DF30301E-CB86-4CB8-8097-5EE686104F44}.Debug|Any CPU.Build.0 = Debug|Any CPU
		{DF30301E-CB86-4CB8-8097-5EE686104F44}.Release|Any CPU.ActiveCfg = Release|Any CPU
		{DF30301E-CB86-4CB8-8097-5EE686104F44}.Release|Any CPU.Build.0 = Release|Any CPU
	EndGlobalSection
	GlobalSection(SolutionProperties) = preSolution
		HideSolutionNode = FALSE
	EndGlobalSection
	GlobalSection(ExtensibilityGlobals) = postSolution
		SolutionGuid = {AAEA8188-642E-4854-9A45-5424F99A4C76}
	EndGlobalSection
EndGlobal
