
Microsoft Visual Studio Solution File, Format Version 12.00
# Visual Studio Version 17
VisualStudioVersion = 17.7.34221.43
MinimumVisualStudioVersion = 10.0.40219.1
Project("{9A19103F-16F7-4668-BE54-9A1E7A4F7556}") = "RazorEF_CodeFirstDemo", "RazorEF_CodeFirstDemo.csproj", "{F6AEFB84-1173-4627-AF5A-F5AD5A94478C}"
EndProject
Global
	GlobalSection(SolutionConfigurationPlatforms) = preSolution
		Debug|Any CPU = Debug|Any CPU
		Release|Any CPU = Release|Any CPU
	EndGlobalSection
	GlobalSection(ProjectConfigurationPlatforms) = postSolution
		{F6AEFB84-1173-4627-AF5A-F5AD5A94478C}.Debug|Any CPU.ActiveCfg = Debug|Any CPU
		{F6AEFB84-1173-4627-AF5A-F5AD5A94478C}.Debug|Any CPU.Build.0 = Debug|Any CPU
		{F6AEFB84-1173-4627-AF5A-F5AD5A94478C}.Release|Any CPU.ActiveCfg = Release|Any CPU
		{F6AEFB84-1173-4627-AF5A-F5AD5A94478C}.Release|Any CPU.Build.0 = Release|Any CPU
	EndGlobalSection
	GlobalSection(SolutionProperties) = preSolution
		HideSolutionNode = FALSE
	EndGlobalSection
	GlobalSection(ExtensibilityGlobals) = postSolution
		SolutionGuid = {AE138688-F60D-466F-B03A-A51B125EB396}
	EndGlobalSection
EndGlobal
