
Microsoft Visual Studio Solution File, Format Version 12.00
# Visual Studio Version 17
VisualStudioVersion = 17.8.34330.188
MinimumVisualStudioVersion = 10.0.40219.1
Project("{FAE04EC0-301F-11D3-BF4B-00C04F79EFBC}") = "LINk_Lambda_Demo", "LINk_Lambda_Demo.csproj", "{CBF866F7-39CD-4F09-9C7F-977EF1DFF20F}"
EndProject
Global
	GlobalSection(SolutionConfigurationPlatforms) = preSolution
		Debug|Any CPU = Debug|Any CPU
		Release|Any CPU = Release|Any CPU
	EndGlobalSection
	GlobalSection(ProjectConfigurationPlatforms) = postSolution
		{CBF866F7-39CD-4F09-9C7F-977EF1DFF20F}.Debug|Any CPU.ActiveCfg = Debug|Any CPU
		{CBF866F7-39CD-4F09-9C7F-977EF1DFF20F}.Debug|Any CPU.Build.0 = Debug|Any CPU
		{CBF866F7-39CD-4F09-9C7F-977EF1DFF20F}.Release|Any CPU.ActiveCfg = Release|Any CPU
		{CBF866F7-39CD-4F09-9C7F-977EF1DFF20F}.Release|Any CPU.Build.0 = Release|Any CPU
	EndGlobalSection
	GlobalSection(SolutionProperties) = preSolution
		HideSolutionNode = FALSE
	EndGlobalSection
	GlobalSection(ExtensibilityGlobals) = postSolution
		SolutionGuid = {F5B40113-AB60-41DC-BE1E-714CE7D7B507}
	EndGlobalSection
EndGlobal
