
Microsoft Visual Studio Solution File, Format Version 12.00
# Visual Studio Version 17
VisualStudioVersion = 17.8.34330.188
MinimumVisualStudioVersion = 10.0.40219.1
Project("{FAE04EC0-301F-11D3-BF4B-00C04F79EFBC}") = "webAPI6", "webAPI6.csproj", "{F8E9F406-0989-4B0E-B0A2-85CF70E0A030}"
EndProject
Global
	GlobalSection(SolutionConfigurationPlatforms) = preSolution
		Debug|Any CPU = Debug|Any CPU
		Release|Any CPU = Release|Any CPU
	EndGlobalSection
	GlobalSection(ProjectConfigurationPlatforms) = postSolution
		{F8E9F406-0989-4B0E-B0A2-85CF70E0A030}.Debug|Any CPU.ActiveCfg = Debug|Any CPU
		{F8E9F406-0989-4B0E-B0A2-85CF70E0A030}.Debug|Any CPU.Build.0 = Debug|Any CPU
		{F8E9F406-0989-4B0E-B0A2-85CF70E0A030}.Release|Any CPU.ActiveCfg = Release|Any CPU
		{F8E9F406-0989-4B0E-B0A2-85CF70E0A030}.Release|Any CPU.Build.0 = Release|Any CPU
	EndGlobalSection
	GlobalSection(SolutionProperties) = preSolution
		HideSolutionNode = FALSE
	EndGlobalSection
	GlobalSection(ExtensibilityGlobals) = postSolution
		SolutionGuid = {80452ED1-1279-4A2C-885C-505A619BB815}
	EndGlobalSection
EndGlobal
