
Microsoft Visual Studio Solution File, Format Version 12.00
# Visual Studio Version 17
VisualStudioVersion = 17.7.34221.43
MinimumVisualStudioVersion = 10.0.40219.1
Project("{FAE04EC0-301F-11D3-BF4B-00C04F79EFBC}") = "LINQ_And_LambdaExpression_DEmo", "LINQ_And_LambdaExpression_DEmo.csproj", "{08799207-7EAC-4A89-8C1E-77F34F9D6FED}"
EndProject
Global
	GlobalSection(SolutionConfigurationPlatforms) = preSolution
		Debug|Any CPU = Debug|Any CPU
		Release|Any CPU = Release|Any CPU
	EndGlobalSection
	GlobalSection(ProjectConfigurationPlatforms) = postSolution
		{08799207-7EAC-4A89-8C1E-77F34F9D6FED}.Debug|Any CPU.ActiveCfg = Debug|Any CPU
		{08799207-7EAC-4A89-8C1E-77F34F9D6FED}.Debug|Any CPU.Build.0 = Debug|Any CPU
		{08799207-7EAC-4A89-8C1E-77F34F9D6FED}.Release|Any CPU.ActiveCfg = Release|Any CPU
		{08799207-7EAC-4A89-8C1E-77F34F9D6FED}.Release|Any CPU.Build.0 = Release|Any CPU
	EndGlobalSection
	GlobalSection(SolutionProperties) = preSolution
		HideSolutionNode = FALSE
	EndGlobalSection
	GlobalSection(ExtensibilityGlobals) = postSolution
		SolutionGuid = {AC7AF28C-D22F-47DC-97DD-78A0D47D0B40}
	EndGlobalSection
EndGlobal
