
Microsoft Visual Studio Solution File, Format Version 12.00
# Visual Studio Version 17
VisualStudioVersion = 17.8.34330.188
MinimumVisualStudioVersion = 10.0.40219.1
Project("{FAE04EC0-301F-11D3-BF4B-00C04F79EFBC}") = "WbApi_CodeFirstDemo", "WbApi_CodeFirstDemo.csproj", "{FA4FB533-D96B-40EB-A3F2-D0D79538178D}"
EndProject
Global
	GlobalSection(SolutionConfigurationPlatforms) = preSolution
		Debug|Any CPU = Debug|Any CPU
		Release|Any CPU = Release|Any CPU
	EndGlobalSection
	GlobalSection(ProjectConfigurationPlatforms) = postSolution
		{FA4FB533-D96B-40EB-A3F2-D0D79538178D}.Debug|Any CPU.ActiveCfg = Debug|Any CPU
		{FA4FB533-D96B-40EB-A3F2-D0D79538178D}.Debug|Any CPU.Build.0 = Debug|Any CPU
		{FA4FB533-D96B-40EB-A3F2-D0D79538178D}.Release|Any CPU.ActiveCfg = Release|Any CPU
		{FA4FB533-D96B-40EB-A3F2-D0D79538178D}.Release|Any CPU.Build.0 = Release|Any CPU
	EndGlobalSection
	GlobalSection(SolutionProperties) = preSolution
		HideSolutionNode = FALSE
	EndGlobalSection
	GlobalSection(ExtensibilityGlobals) = postSolution
		SolutionGuid = {D724598B-DB90-4253-B363-2483BF5F2763}
	EndGlobalSection
EndGlobal
