
Microsoft Visual Studio Solution File, Format Version 12.00
# Visual Studio Version 17
VisualStudioVersion = 17.7.34221.43
MinimumVisualStudioVersion = 10.0.40219.1
Project("{FAE04EC0-301F-11D3-BF4B-00C04F79EFBC}") = "Identity_Custom_Demo", "Identity_Custom_Demo.csproj", "{4743B70F-9D5F-4F1F-95FF-B99BEB7BC704}"
EndProject
Global
	GlobalSection(SolutionConfigurationPlatforms) = preSolution
		Debug|Any CPU = Debug|Any CPU
		Release|Any CPU = Release|Any CPU
	EndGlobalSection
	GlobalSection(ProjectConfigurationPlatforms) = postSolution
		{4743B70F-9D5F-4F1F-95FF-B99BEB7BC704}.Debug|Any CPU.ActiveCfg = Debug|Any CPU
		{4743B70F-9D5F-4F1F-95FF-B99BEB7BC704}.Debug|Any CPU.Build.0 = Debug|Any CPU
		{4743B70F-9D5F-4F1F-95FF-B99BEB7BC704}.Release|Any CPU.ActiveCfg = Release|Any CPU
		{4743B70F-9D5F-4F1F-95FF-B99BEB7BC704}.Release|Any CPU.Build.0 = Release|Any CPU
	EndGlobalSection
	GlobalSection(SolutionProperties) = preSolution
		HideSolutionNode = FALSE
	EndGlobalSection
	GlobalSection(ExtensibilityGlobals) = postSolution
		SolutionGuid = {E8A3CC39-6954-446F-BED9-A59B19F3DF14}
	EndGlobalSection
EndGlobal
