
Microsoft Visual Studio Solution File, Format Version 12.00
# Visual Studio Version 17
VisualStudioVersion = 17.8.34330.188
MinimumVisualStudioVersion = 10.0.40219.1
Project("{FAE04EC0-301F-11D3-BF4B-00C04F79EFBC}") = "WebAPI_DBFirstDemo", "WebAPI_DBFirstDemo.csproj", "{9FC67C8E-0178-40A6-A658-315482BE8D18}"
EndProject
Global
	GlobalSection(SolutionConfigurationPlatforms) = preSolution
		Debug|Any CPU = Debug|Any CPU
		Release|Any CPU = Release|Any CPU
	EndGlobalSection
	GlobalSection(ProjectConfigurationPlatforms) = postSolution
		{9FC67C8E-0178-40A6-A658-315482BE8D18}.Debug|Any CPU.ActiveCfg = Debug|Any CPU
		{9FC67C8E-0178-40A6-A658-315482BE8D18}.Debug|Any CPU.Build.0 = Debug|Any CPU
		{9FC67C8E-0178-40A6-A658-315482BE8D18}.Release|Any CPU.ActiveCfg = Release|Any CPU
		{9FC67C8E-0178-40A6-A658-315482BE8D18}.Release|Any CPU.Build.0 = Release|Any CPU
	EndGlobalSection
	GlobalSection(SolutionProperties) = preSolution
		HideSolutionNode = FALSE
	EndGlobalSection
	GlobalSection(ExtensibilityGlobals) = postSolution
		SolutionGuid = {D3EEDB9B-DF56-4D03-9C58-BEE98F70E61F}
	EndGlobalSection
EndGlobal
